
Microsoft Visual Studio Solution File, Format Version 12.00
# Visual Studio Version 16
VisualStudioVersion = 16.0.28803.156
MinimumVisualStudioVersion = 10.0.40219.1
Project("{8BC9CEB8-8B4A-11D0-8D11-00A0C91BC942}") = "ProjectOmega", "ProjectOmega.vcxproj", "{C75559B2-0DD0-4A9D-AD2C-41ED80CE02F5}"
EndProject
Project("{2150E333-8FDC-42A3-9474-1A3956D46DE8}") = "shaders", "shaders", "{DE0B94FB-14BE-461D-9E5D-0D386ADE7C27}"
	ProjectSection(SolutionItems) = preProject
		shaders\combine.fsh = shaders\combine.fsh
		shaders\frame.fsh = shaders\frame.fsh
		shaders\frame.vsh = shaders\frame.vsh
		shaders\reflect.fsh = shaders\reflect.fsh
		shaders\reflect.vsh = shaders\reflect.vsh
		shaders\refract.fsh = shaders\refract.fsh
		shaders\refract.vsh = shaders\refract.vsh
		shaders\skybox.fsh = shaders\skybox.fsh
		shaders\skybox.vsh = shaders\skybox.vsh
	EndProjectSection
EndProject
Project("{2150E333-8FDC-42A3-9474-1A3956D46DE8}") = "Solution Items", "Solution Items", "{DFCADB39-E08E-4948-A939-B09E85DC3982}"
	ProjectSection(SolutionItems) = preProject
		OpenGL\Include\glutil.h = OpenGL\Include\glutil.h
	EndProjectSection
EndProject
Global
	GlobalSection(SolutionConfigurationPlatforms) = preSolution
		Debug|x64 = Debug|x64
		Debug|x86 = Debug|x86
		Release|x64 = Release|x64
		Release|x86 = Release|x86
	EndGlobalSection
	GlobalSection(ProjectConfigurationPlatforms) = postSolution
		{C75559B2-0DD0-4A9D-AD2C-41ED80CE02F5}.Debug|x64.ActiveCfg = Debug|x64
		{C75559B2-0DD0-4A9D-AD2C-41ED80CE02F5}.Debug|x64.Build.0 = Debug|x64
		{C75559B2-0DD0-4A9D-AD2C-41ED80CE02F5}.Debug|x86.ActiveCfg = Debug|Win32
		{C75559B2-0DD0-4A9D-AD2C-41ED80CE02F5}.Debug|x86.Build.0 = Debug|Win32
		{C75559B2-0DD0-4A9D-AD2C-41ED80CE02F5}.Release|x64.ActiveCfg = Release|x64
		{C75559B2-0DD0-4A9D-AD2C-41ED80CE02F5}.Release|x64.Build.0 = Release|x64
		{C75559B2-0DD0-4A9D-AD2C-41ED80CE02F5}.Release|x86.ActiveCfg = Release|Win32
		{C75559B2-0DD0-4A9D-AD2C-41ED80CE02F5}.Release|x86.Build.0 = Release|Win32
	EndGlobalSection
	GlobalSection(SolutionProperties) = preSolution
		HideSolutionNode = FALSE
	EndGlobalSection
	GlobalSection(ExtensibilityGlobals) = postSolution
		SolutionGuid = {84601060-8D5C-49DE-B1B9-B6C12E89296F}
	EndGlobalSection
EndGlobal
